
Microsoft Visual Studio Solution File, Format Version 12.00
# Visual Studio 14
VisualStudioVersion = 14.0.24720.0
MinimumVisualStudioVersion = 10.0.40219.1
Project("{2150E333-8FDC-42A3-9474-1A3956D46DE8}") = "Creational", "Creational", "{3C25E528-74FB-4E06-B175-2AB845228449}"
EndProject
Project("{FAE04EC0-301F-11D3-BF4B-00C04F79EFBC}") = "Patterns.Creational.Factory", "source\app\Patterns.Creational.Factory\Patterns.Creational.Factory.csproj", "{CF0AE58E-86B2-46B4-A34F-FB92B76DCD37}"
EndProject
Project("{2150E333-8FDC-42A3-9474-1A3956D46DE8}") = "Common", "Common", "{4FB3FAAD-5E65-4A76-9483-D255A0A5B86E}"
EndProject
Project("{FAE04EC0-301F-11D3-BF4B-00C04F79EFBC}") = "Patterns.Core", "source\app\Patterns.Core\Patterns.Core.csproj", "{D4E0329D-180C-4CC7-8F9F-4E01626AF359}"
EndProject
Project("{FAE04EC0-301F-11D3-BF4B-00C04F79EFBC}") = "Patterns.Creational.Singleton", "source\app\Patterns.Creational.Singleton\Patterns.Creational.Singleton.csproj", "{DE938124-DE6D-49C8-97AF-11F8355A6B41}"
EndProject
Project("{FAE04EC0-301F-11D3-BF4B-00C04F79EFBC}") = "Patterns.Creational.Multiton", "source\app\Patterns.Creational.Multiton\Patterns.Creational.Multiton.csproj", "{BAD4C03F-EED6-4878-A345-3CCFD12B0354}"
EndProject
Project("{FAE04EC0-301F-11D3-BF4B-00C04F79EFBC}") = "Patterns.Creational.AbstractFactory", "source\app\Patterns.Creational.AbstractFactory\Patterns.Creational.AbstractFactory.csproj", "{8DD33677-AFCB-4ED0-AC1A-10562CECF9A5}"
EndProject
Project("{FAE04EC0-301F-11D3-BF4B-00C04F79EFBC}") = "Patterns.Creational.Builder", "source\app\Patterns.Creational.Builder\Patterns.Creational.Builder.csproj", "{FF47D206-19A8-4F36-8FC4-CC9ECE1A1F8D}"
EndProject
Project("{FAE04EC0-301F-11D3-BF4B-00C04F79EFBC}") = "Patterns.Creational.Prototype", "source\app\Patterns.Creational.Prototype\Patterns.Creational.Prototype.csproj", "{E640C612-B98D-4D6E-92C2-FFC2BBE4DC2B}"
EndProject
Project("{2150E333-8FDC-42A3-9474-1A3956D46DE8}") = "Structural", "Structural", "{B578914B-F195-422A-8C33-F11C3C4D2576}"
EndProject
Project("{FAE04EC0-301F-11D3-BF4B-00C04F79EFBC}") = "Patterns.Structural.Adapter", "source\app\Patterns.Structural.Adapter\Patterns.Structural.Adapter.csproj", "{161ED80F-F4FE-4C25-ADC3-305B9230523B}"
EndProject
Project("{FAE04EC0-301F-11D3-BF4B-00C04F79EFBC}") = "Patterns.Structural.Bridge", "source\app\Patterns.Structural.Bridge\Patterns.Structural.Bridge.csproj", "{2EE163D8-6402-48AD-A34F-CA38794349B3}"
EndProject
Project("{FAE04EC0-301F-11D3-BF4B-00C04F79EFBC}") = "Patterns.Structural.Composite", "source\app\Patterns.Structural.Composite\Patterns.Structural.Composite.csproj", "{DC6E31F1-DD55-418A-BA0F-13BB6C277085}"
EndProject
Global
	GlobalSection(SolutionConfigurationPlatforms) = preSolution
		Debug|Any CPU = Debug|Any CPU
		Release|Any CPU = Release|Any CPU
	EndGlobalSection
	GlobalSection(ProjectConfigurationPlatforms) = postSolution
		{CF0AE58E-86B2-46B4-A34F-FB92B76DCD37}.Debug|Any CPU.ActiveCfg = Debug|Any CPU
		{CF0AE58E-86B2-46B4-A34F-FB92B76DCD37}.Debug|Any CPU.Build.0 = Debug|Any CPU
		{CF0AE58E-86B2-46B4-A34F-FB92B76DCD37}.Release|Any CPU.ActiveCfg = Release|Any CPU
		{CF0AE58E-86B2-46B4-A34F-FB92B76DCD37}.Release|Any CPU.Build.0 = Release|Any CPU
		{D4E0329D-180C-4CC7-8F9F-4E01626AF359}.Debug|Any CPU.ActiveCfg = Debug|Any CPU
		{D4E0329D-180C-4CC7-8F9F-4E01626AF359}.Debug|Any CPU.Build.0 = Debug|Any CPU
		{D4E0329D-180C-4CC7-8F9F-4E01626AF359}.Release|Any CPU.ActiveCfg = Release|Any CPU
		{D4E0329D-180C-4CC7-8F9F-4E01626AF359}.Release|Any CPU.Build.0 = Release|Any CPU
		{DE938124-DE6D-49C8-97AF-11F8355A6B41}.Debug|Any CPU.ActiveCfg = Debug|Any CPU
		{DE938124-DE6D-49C8-97AF-11F8355A6B41}.Debug|Any CPU.Build.0 = Debug|Any CPU
		{DE938124-DE6D-49C8-97AF-11F8355A6B41}.Release|Any CPU.ActiveCfg = Release|Any CPU
		{DE938124-DE6D-49C8-97AF-11F8355A6B41}.Release|Any CPU.Build.0 = Release|Any CPU
		{BAD4C03F-EED6-4878-A345-3CCFD12B0354}.Debug|Any CPU.ActiveCfg = Debug|Any CPU
		{BAD4C03F-EED6-4878-A345-3CCFD12B0354}.Debug|Any CPU.Build.0 = Debug|Any CPU
		{BAD4C03F-EED6-4878-A345-3CCFD12B0354}.Release|Any CPU.ActiveCfg = Release|Any CPU
		{BAD4C03F-EED6-4878-A345-3CCFD12B0354}.Release|Any CPU.Build.0 = Release|Any CPU
		{8DD33677-AFCB-4ED0-AC1A-10562CECF9A5}.Debug|Any CPU.ActiveCfg = Debug|Any CPU
		{8DD33677-AFCB-4ED0-AC1A-10562CECF9A5}.Debug|Any CPU.Build.0 = Debug|Any CPU
		{8DD33677-AFCB-4ED0-AC1A-10562CECF9A5}.Release|Any CPU.ActiveCfg = Release|Any CPU
		{8DD33677-AFCB-4ED0-AC1A-10562CECF9A5}.Release|Any CPU.Build.0 = Release|Any CPU
		{FF47D206-19A8-4F36-8FC4-CC9ECE1A1F8D}.Debug|Any CPU.ActiveCfg = Debug|Any CPU
		{FF47D206-19A8-4F36-8FC4-CC9ECE1A1F8D}.Debug|Any CPU.Build.0 = Debug|Any CPU
		{FF47D206-19A8-4F36-8FC4-CC9ECE1A1F8D}.Release|Any CPU.ActiveCfg = Release|Any CPU
		{FF47D206-19A8-4F36-8FC4-CC9ECE1A1F8D}.Release|Any CPU.Build.0 = Release|Any CPU
		{E640C612-B98D-4D6E-92C2-FFC2BBE4DC2B}.Debug|Any CPU.ActiveCfg = Debug|Any CPU
		{E640C612-B98D-4D6E-92C2-FFC2BBE4DC2B}.Debug|Any CPU.Build.0 = Debug|Any CPU
		{E640C612-B98D-4D6E-92C2-FFC2BBE4DC2B}.Release|Any CPU.ActiveCfg = Release|Any CPU
		{E640C612-B98D-4D6E-92C2-FFC2BBE4DC2B}.Release|Any CPU.Build.0 = Release|Any CPU
		{161ED80F-F4FE-4C25-ADC3-305B9230523B}.Debug|Any CPU.ActiveCfg = Debug|Any CPU
		{161ED80F-F4FE-4C25-ADC3-305B9230523B}.Debug|Any CPU.Build.0 = Debug|Any CPU
		{161ED80F-F4FE-4C25-ADC3-305B9230523B}.Release|Any CPU.ActiveCfg = Release|Any CPU
		{161ED80F-F4FE-4C25-ADC3-305B9230523B}.Release|Any CPU.Build.0 = Release|Any CPU
		{2EE163D8-6402-48AD-A34F-CA38794349B3}.Debug|Any CPU.ActiveCfg = Debug|Any CPU
		{2EE163D8-6402-48AD-A34F-CA38794349B3}.Debug|Any CPU.Build.0 = Debug|Any CPU
		{2EE163D8-6402-48AD-A34F-CA38794349B3}.Release|Any CPU.ActiveCfg = Release|Any CPU
		{2EE163D8-6402-48AD-A34F-CA38794349B3}.Release|Any CPU.Build.0 = Release|Any CPU
		{DC6E31F1-DD55-418A-BA0F-13BB6C277085}.Debug|Any CPU.ActiveCfg = Debug|Any CPU
		{DC6E31F1-DD55-418A-BA0F-13BB6C277085}.Debug|Any CPU.Build.0 = Debug|Any CPU
		{DC6E31F1-DD55-418A-BA0F-13BB6C277085}.Release|Any CPU.ActiveCfg = Release|Any CPU
		{DC6E31F1-DD55-418A-BA0F-13BB6C277085}.Release|Any CPU.Build.0 = Release|Any CPU
	EndGlobalSection
	GlobalSection(SolutionProperties) = preSolution
		HideSolutionNode = FALSE
	EndGlobalSection
	GlobalSection(NestedProjects) = preSolution
		{CF0AE58E-86B2-46B4-A34F-FB92B76DCD37} = {3C25E528-74FB-4E06-B175-2AB845228449}
		{D4E0329D-180C-4CC7-8F9F-4E01626AF359} = {4FB3FAAD-5E65-4A76-9483-D255A0A5B86E}
		{DE938124-DE6D-49C8-97AF-11F8355A6B41} = {3C25E528-74FB-4E06-B175-2AB845228449}
		{BAD4C03F-EED6-4878-A345-3CCFD12B0354} = {3C25E528-74FB-4E06-B175-2AB845228449}
		{8DD33677-AFCB-4ED0-AC1A-10562CECF9A5} = {3C25E528-74FB-4E06-B175-2AB845228449}
		{FF47D206-19A8-4F36-8FC4-CC9ECE1A1F8D} = {3C25E528-74FB-4E06-B175-2AB845228449}
		{E640C612-B98D-4D6E-92C2-FFC2BBE4DC2B} = {3C25E528-74FB-4E06-B175-2AB845228449}
		{161ED80F-F4FE-4C25-ADC3-305B9230523B} = {B578914B-F195-422A-8C33-F11C3C4D2576}
		{2EE163D8-6402-48AD-A34F-CA38794349B3} = {B578914B-F195-422A-8C33-F11C3C4D2576}
		{DC6E31F1-DD55-418A-BA0F-13BB6C277085} = {B578914B-F195-422A-8C33-F11C3C4D2576}
	EndGlobalSection
EndGlobal
